// !$*UTF8*$!
{
	archiveVersion = 1;
	classes = {
	};
	objectVersion = 56;
	objects = {

/* Begin PBXBuildFile section */
		AD1F9DCD2BA18C94005DD9D6 /* MainTabType.swift in Sources */ = {isa = PBXBuildFile; fileRef = AD1F9DCC2BA18C94005DD9D6 /* MainTabType.swift */; };
		AD1F9DD12BA18EBE005DD9D6 /* HomeView.swift in Sources */ = {isa = PBXBuildFile; fileRef = AD1F9DD02BA18EBE005DD9D6 /* HomeView.swift */; };
		AD1F9DD32BA18ECB005DD9D6 /* ChatListView.swift in Sources */ = {isa = PBXBuildFile; fileRef = AD1F9DD22BA18ECB005DD9D6 /* ChatListView.swift */; };
		AD1F9DD52BA193AE005DD9D6 /* HomeViewModel.swift in Sources */ = {isa = PBXBuildFile; fileRef = AD1F9DD42BA193AE005DD9D6 /* HomeViewModel.swift */; };
		AD742B9C2B9ED5A400436CCE /* MyMessengerApp.swift in Sources */ = {isa = PBXBuildFile; fileRef = AD742B9B2B9ED5A400436CCE /* MyMessengerApp.swift */; };
		AD742B9E2B9ED5A400436CCE /* AuthenticatedView.swift in Sources */ = {isa = PBXBuildFile; fileRef = AD742B9D2B9ED5A400436CCE /* AuthenticatedView.swift */; };
		AD742BA02B9ED5A500436CCE /* Assets.xcassets in Resources */ = {isa = PBXBuildFile; fileRef = AD742B9F2B9ED5A500436CCE /* Assets.xcassets */; };
		AD742BA32B9ED5A500436CCE /* Preview Assets.xcassets in Resources */ = {isa = PBXBuildFile; fileRef = AD742BA22B9ED5A500436CCE /* Preview Assets.xcassets */; };
		AD742BAD2B9ED5A500436CCE /* MyMessengerTests.swift in Sources */ = {isa = PBXBuildFile; fileRef = AD742BAC2B9ED5A500436CCE /* MyMessengerTests.swift */; };
		AD742BB72B9ED5A500436CCE /* MyMessengerUITests.swift in Sources */ = {isa = PBXBuildFile; fileRef = AD742BB62B9ED5A500436CCE /* MyMessengerUITests.swift */; };
		AD742BB92B9ED5A500436CCE /* MyMessengerUITestsLaunchTests.swift in Sources */ = {isa = PBXBuildFile; fileRef = AD742BB82B9ED5A500436CCE /* MyMessengerUITestsLaunchTests.swift */; };
		AD742BC62B9ED61F00436CCE /* Colors.xcassets in Resources */ = {isa = PBXBuildFile; fileRef = AD742BC52B9ED61F00436CCE /* Colors.xcassets */; };
		AD742BC82B9ED63B00436CCE /* LaunchScreen.storyboard in Resources */ = {isa = PBXBuildFile; fileRef = AD742BC72B9ED63B00436CCE /* LaunchScreen.storyboard */; };
		AD742BCD2B9ED9B800436CCE /* DIContainer.swift in Sources */ = {isa = PBXBuildFile; fileRef = AD742BCC2B9ED9B800436CCE /* DIContainer.swift */; };
		AD742BD22B9EDE1E00436CCE /* FirebaseAuth in Frameworks */ = {isa = PBXBuildFile; productRef = AD742BD12B9EDE1E00436CCE /* FirebaseAuth */; };
		AD742BD42B9EDE8B00436CCE /* AppDelegate.swift in Sources */ = {isa = PBXBuildFile; fileRef = AD742BD32B9EDE8B00436CCE /* AppDelegate.swift */; };
		AD742BD62B9EE09700436CCE /* GoogleService-Info.plist in Resources */ = {isa = PBXBuildFile; fileRef = AD742BD52B9EE09700436CCE /* GoogleService-Info.plist */; };
		AD742BD92B9EE47000436CCE /* Services.swift in Sources */ = {isa = PBXBuildFile; fileRef = AD742BD82B9EE47000436CCE /* Services.swift */; };
		AD742BDB2B9EE4DF00436CCE /* AuthenticationService.swift in Sources */ = {isa = PBXBuildFile; fileRef = AD742BDA2B9EE4DF00436CCE /* AuthenticationService.swift */; };
		AD742BDD2B9EECB000436CCE /* AuthenticationViewModel.swift in Sources */ = {isa = PBXBuildFile; fileRef = AD742BDC2B9EECB000436CCE /* AuthenticationViewModel.swift */; };
		AD742BE32B9EEE1A00436CCE /* MainTabView.swift in Sources */ = {isa = PBXBuildFile; fileRef = AD742BE22B9EEE1A00436CCE /* MainTabView.swift */; };
		AD742BE52B9EEE2700436CCE /* LoginIntroView.swift in Sources */ = {isa = PBXBuildFile; fileRef = AD742BE42B9EEE2700436CCE /* LoginIntroView.swift */; };
		AD742BE72B9EF17A00436CCE /* LoginView.swift in Sources */ = {isa = PBXBuildFile; fileRef = AD742BE62B9EF17A00436CCE /* LoginView.swift */; };
		AD742BE92B9EF20D00436CCE /* LoginBtnStyle.swift in Sources */ = {isa = PBXBuildFile; fileRef = AD742BE82B9EF20D00436CCE /* LoginBtnStyle.swift */; };
		AD9469062BA06C7900E5BF5A /* GoogleSignIn in Frameworks */ = {isa = PBXBuildFile; productRef = AD9469052BA06C7900E5BF5A /* GoogleSignIn */; };
		AD9469092BA06F0D00E5BF5A /* User.swift in Sources */ = {isa = PBXBuildFile; fileRef = AD9469082BA06F0D00E5BF5A /* User.swift */; };
		AD94690B2BA0706400E5BF5A /* ServiceError.swift in Sources */ = {isa = PBXBuildFile; fileRef = AD94690A2BA0706400E5BF5A /* ServiceError.swift */; };
		ADBDF0502BA1B9C00008A6F6 /* FirebaseDatabase in Frameworks */ = {isa = PBXBuildFile; productRef = ADBDF04F2BA1B9C00008A6F6 /* FirebaseDatabase */; };
		ADBDF0532BA1BB270008A6F6 /* UserDBRepository.swift in Sources */ = {isa = PBXBuildFile; fileRef = ADBDF0522BA1BB270008A6F6 /* UserDBRepository.swift */; };
		ADBDF0552BA1BB5C0008A6F6 /* UserService.swift in Sources */ = {isa = PBXBuildFile; fileRef = ADBDF0542BA1BB5C0008A6F6 /* UserService.swift */; };
		ADBDF0582BA1C0610008A6F6 /* UserObject.swift in Sources */ = {isa = PBXBuildFile; fileRef = ADBDF0572BA1C0610008A6F6 /* UserObject.swift */; };
		ADBDF05A2BA1C09C0008A6F6 /* DBError.swift in Sources */ = {isa = PBXBuildFile; fileRef = ADBDF0592BA1C09C0008A6F6 /* DBError.swift */; };
		ADBDF05C2BA1C40E0008A6F6 /* Constant.swift in Sources */ = {isa = PBXBuildFile; fileRef = ADBDF05B2BA1C40E0008A6F6 /* Constant.swift */; };
		ADDCCFF32BA27D2600C96508 /* RandomNonceString.swift in Sources */ = {isa = PBXBuildFile; fileRef = ADDCCFF12BA27D2600C96508 /* RandomNonceString.swift */; };
		ADDCCFF42BA27D2600C96508 /* SHA256.swift in Sources */ = {isa = PBXBuildFile; fileRef = ADDCCFF22BA27D2600C96508 /* SHA256.swift */; };
/* End PBXBuildFile section */

/* Begin PBXContainerItemProxy section */
		AD742BA92B9ED5A500436CCE /* PBXContainerItemProxy */ = {
			isa = PBXContainerItemProxy;
			containerPortal = AD742B902B9ED5A400436CCE /* Project object */;
			proxyType = 1;
			remoteGlobalIDString = AD742B972B9ED5A400436CCE;
			remoteInfo = MyMessenger;
		};
		AD742BB32B9ED5A500436CCE /* PBXContainerItemProxy */ = {
			isa = PBXContainerItemProxy;
			containerPortal = AD742B902B9ED5A400436CCE /* Project object */;
			proxyType = 1;
			remoteGlobalIDString = AD742B972B9ED5A400436CCE;
			remoteInfo = MyMessenger;
		};
/* End PBXContainerItemProxy section */

/* Begin PBXFileReference section */
		AD1F9DCC2BA18C94005DD9D6 /* MainTabType.swift */ = {isa = PBXFileReference; lastKnownFileType = sourcecode.swift; path = MainTabType.swift; sourceTree = "<group>"; };
		AD1F9DD02BA18EBE005DD9D6 /* HomeView.swift */ = {isa = PBXFileReference; lastKnownFileType = sourcecode.swift; path = HomeView.swift; sourceTree = "<group>"; };
		AD1F9DD22BA18ECB005DD9D6 /* ChatListView.swift */ = {isa = PBXFileReference; lastKnownFileType = sourcecode.swift; path = ChatListView.swift; sourceTree = "<group>"; };
		AD1F9DD42BA193AE005DD9D6 /* HomeViewModel.swift */ = {isa = PBXFileReference; lastKnownFileType = sourcecode.swift; path = HomeViewModel.swift; sourceTree = "<group>"; };
		AD742B982B9ED5A400436CCE /* MyMessenger.app */ = {isa = PBXFileReference; explicitFileType = wrapper.application; includeInIndex = 0; path = MyMessenger.app; sourceTree = BUILT_PRODUCTS_DIR; };
		AD742B9B2B9ED5A400436CCE /* MyMessengerApp.swift */ = {isa = PBXFileReference; lastKnownFileType = sourcecode.swift; path = MyMessengerApp.swift; sourceTree = "<group>"; };
		AD742B9D2B9ED5A400436CCE /* AuthenticatedView.swift */ = {isa = PBXFileReference; lastKnownFileType = sourcecode.swift; path = AuthenticatedView.swift; sourceTree = "<group>"; };
		AD742B9F2B9ED5A500436CCE /* Assets.xcassets */ = {isa = PBXFileReference; lastKnownFileType = folder.assetcatalog; path = Assets.xcassets; sourceTree = "<group>"; };
		AD742BA22B9ED5A500436CCE /* Preview Assets.xcassets */ = {isa = PBXFileReference; lastKnownFileType = folder.assetcatalog; path = "Preview Assets.xcassets"; sourceTree = "<group>"; };
		AD742BA82B9ED5A500436CCE /* MyMessengerTests.xctest */ = {isa = PBXFileReference; explicitFileType = wrapper.cfbundle; includeInIndex = 0; path = MyMessengerTests.xctest; sourceTree = BUILT_PRODUCTS_DIR; };
		AD742BAC2B9ED5A500436CCE /* MyMessengerTests.swift */ = {isa = PBXFileReference; lastKnownFileType = sourcecode.swift; path = MyMessengerTests.swift; sourceTree = "<group>"; };
		AD742BB22B9ED5A500436CCE /* MyMessengerUITests.xctest */ = {isa = PBXFileReference; explicitFileType = wrapper.cfbundle; includeInIndex = 0; path = MyMessengerUITests.xctest; sourceTree = BUILT_PRODUCTS_DIR; };
		AD742BB62B9ED5A500436CCE /* MyMessengerUITests.swift */ = {isa = PBXFileReference; lastKnownFileType = sourcecode.swift; path = MyMessengerUITests.swift; sourceTree = "<group>"; };
		AD742BB82B9ED5A500436CCE /* MyMessengerUITestsLaunchTests.swift */ = {isa = PBXFileReference; lastKnownFileType = sourcecode.swift; path = MyMessengerUITestsLaunchTests.swift; sourceTree = "<group>"; };
		AD742BC52B9ED61F00436CCE /* Colors.xcassets */ = {isa = PBXFileReference; lastKnownFileType = folder.assetcatalog; path = Colors.xcassets; sourceTree = "<group>"; };
		AD742BC72B9ED63B00436CCE /* LaunchScreen.storyboard */ = {isa = PBXFileReference; lastKnownFileType = file.storyboard; path = LaunchScreen.storyboard; sourceTree = "<group>"; };
		AD742BC92B9ED6C400436CCE /* Info.plist */ = {isa = PBXFileReference; lastKnownFileType = text.plist; path = Info.plist; sourceTree = "<group>"; };
		AD742BCC2B9ED9B800436CCE /* DIContainer.swift */ = {isa = PBXFileReference; lastKnownFileType = sourcecode.swift; path = DIContainer.swift; sourceTree = "<group>"; };
		AD742BD32B9EDE8B00436CCE /* AppDelegate.swift */ = {isa = PBXFileReference; lastKnownFileType = sourcecode.swift; path = AppDelegate.swift; sourceTree = "<group>"; };
		AD742BD52B9EE09700436CCE /* GoogleService-Info.plist */ = {isa = PBXFileReference; fileEncoding = 4; lastKnownFileType = text.plist.xml; path = "GoogleService-Info.plist"; sourceTree = "<group>"; };
		AD742BD82B9EE47000436CCE /* Services.swift */ = {isa = PBXFileReference; lastKnownFileType = sourcecode.swift; path = Services.swift; sourceTree = "<group>"; };
		AD742BDA2B9EE4DF00436CCE /* AuthenticationService.swift */ = {isa = PBXFileReference; lastKnownFileType = sourcecode.swift; path = AuthenticationService.swift; sourceTree = "<group>"; };
		AD742BDC2B9EECB000436CCE /* AuthenticationViewModel.swift */ = {isa = PBXFileReference; lastKnownFileType = sourcecode.swift; path = AuthenticationViewModel.swift; sourceTree = "<group>"; };
		AD742BE22B9EEE1A00436CCE /* MainTabView.swift */ = {isa = PBXFileReference; lastKnownFileType = sourcecode.swift; path = MainTabView.swift; sourceTree = "<group>"; };
		AD742BE42B9EEE2700436CCE /* LoginIntroView.swift */ = {isa = PBXFileReference; lastKnownFileType = sourcecode.swift; path = LoginIntroView.swift; sourceTree = "<group>"; };
		AD742BE62B9EF17A00436CCE /* LoginView.swift */ = {isa = PBXFileReference; lastKnownFileType = sourcecode.swift; path = LoginView.swift; sourceTree = "<group>"; };
		AD742BE82B9EF20D00436CCE /* LoginBtnStyle.swift */ = {isa = PBXFileReference; lastKnownFileType = sourcecode.swift; path = LoginBtnStyle.swift; sourceTree = "<group>"; };
		AD9469082BA06F0D00E5BF5A /* User.swift */ = {isa = PBXFileReference; lastKnownFileType = sourcecode.swift; path = User.swift; sourceTree = "<group>"; };
		AD94690A2BA0706400E5BF5A /* ServiceError.swift */ = {isa = PBXFileReference; lastKnownFileType = sourcecode.swift; path = ServiceError.swift; sourceTree = "<group>"; };
		ADBDF0522BA1BB270008A6F6 /* UserDBRepository.swift */ = {isa = PBXFileReference; lastKnownFileType = sourcecode.swift; path = UserDBRepository.swift; sourceTree = "<group>"; };
		ADBDF0542BA1BB5C0008A6F6 /* UserService.swift */ = {isa = PBXFileReference; lastKnownFileType = sourcecode.swift; path = UserService.swift; sourceTree = "<group>"; };
		ADBDF0572BA1C0610008A6F6 /* UserObject.swift */ = {isa = PBXFileReference; lastKnownFileType = sourcecode.swift; path = UserObject.swift; sourceTree = "<group>"; };
		ADBDF0592BA1C09C0008A6F6 /* DBError.swift */ = {isa = PBXFileReference; lastKnownFileType = sourcecode.swift; path = DBError.swift; sourceTree = "<group>"; };
		ADBDF05B2BA1C40E0008A6F6 /* Constant.swift */ = {isa = PBXFileReference; lastKnownFileType = sourcecode.swift; path = Constant.swift; sourceTree = "<group>"; };
		ADDCCFEF2BA2793800C96508 /* MyMessenger.entitlements */ = {isa = PBXFileReference; lastKnownFileType = text.plist.entitlements; path = MyMessenger.entitlements; sourceTree = "<group>"; };
		ADDCCFF12BA27D2600C96508 /* RandomNonceString.swift */ = {isa = PBXFileReference; fileEncoding = 4; lastKnownFileType = sourcecode.swift; path = RandomNonceString.swift; sourceTree = "<group>"; };
		ADDCCFF22BA27D2600C96508 /* SHA256.swift */ = {isa = PBXFileReference; fileEncoding = 4; lastKnownFileType = sourcecode.swift; path = SHA256.swift; sourceTree = "<group>"; };
/* End PBXFileReference section */

/* Begin PBXFrameworksBuildPhase section */
		AD742B952B9ED5A400436CCE /* Frameworks */ = {
			isa = PBXFrameworksBuildPhase;
			buildActionMask = 2147483647;
			files = (
				ADBDF0502BA1B9C00008A6F6 /* FirebaseDatabase in Frameworks */,
				AD742BD22B9EDE1E00436CCE /* FirebaseAuth in Frameworks */,
				AD9469062BA06C7900E5BF5A /* GoogleSignIn in Frameworks */,
			);
			runOnlyForDeploymentPostprocessing = 0;
		};
		AD742BA52B9ED5A500436CCE /* Frameworks */ = {
			isa = PBXFrameworksBuildPhase;
			buildActionMask = 2147483647;
			files = (
			);
			runOnlyForDeploymentPostprocessing = 0;
		};
		AD742BAF2B9ED5A500436CCE /* Frameworks */ = {
			isa = PBXFrameworksBuildPhase;
			buildActionMask = 2147483647;
			files = (
			);
			runOnlyForDeploymentPostprocessing = 0;
		};
/* End PBXFrameworksBuildPhase section */

/* Begin PBXGroup section */
		AD1F9DCE2BA18E91005DD9D6 /* ChatList */ = {
			isa = PBXGroup;
			children = (
				AD1F9DD22BA18ECB005DD9D6 /* ChatListView.swift */,
			);
			path = ChatList;
			sourceTree = "<group>";
		};
		AD1F9DCF2BA18E9C005DD9D6 /* Home */ = {
			isa = PBXGroup;
			children = (
				AD1F9DD02BA18EBE005DD9D6 /* HomeView.swift */,
				AD1F9DD42BA193AE005DD9D6 /* HomeViewModel.swift */,
			);
			path = Home;
			sourceTree = "<group>";
		};
		AD742B8F2B9ED5A400436CCE = {
			isa = PBXGroup;
			children = (
				AD742B9A2B9ED5A400436CCE /* MyMessenger */,
				AD742BAB2B9ED5A500436CCE /* MyMessengerTests */,
				AD742BB52B9ED5A500436CCE /* MyMessengerUITests */,
				AD742B992B9ED5A400436CCE /* Products */,
				ADBDF04E2BA1B9C00008A6F6 /* Frameworks */,
			);
			sourceTree = "<group>";
		};
		AD742B992B9ED5A400436CCE /* Products */ = {
			isa = PBXGroup;
			children = (
				AD742B982B9ED5A400436CCE /* MyMessenger.app */,
				AD742BA82B9ED5A500436CCE /* MyMessengerTests.xctest */,
				AD742BB22B9ED5A500436CCE /* MyMessengerUITests.xctest */,
			);
			name = Products;
			sourceTree = "<group>";
		};
		AD742B9A2B9ED5A400436CCE /* MyMessenger */ = {
			isa = PBXGroup;
			children = (
				ADDCCFEF2BA2793800C96508 /* MyMessenger.entitlements */,
				AD742BD52B9EE09700436CCE /* GoogleService-Info.plist */,
				AD742B9B2B9ED5A400436CCE /* MyMessengerApp.swift */,
				AD742BD32B9EDE8B00436CCE /* AppDelegate.swift */,
				AD742BDE2B9EEDA300436CCE /* View */,
				AD742BCB2B9ED99D00436CCE /* General */,
				AD9469072BA06EBF00E5BF5A /* Model */,
				AD742BD72B9EE45300436CCE /* Service */,
				ADBDF0512BA1BB090008A6F6 /* Repository */,
				ADDCCFF02BA27C0900C96508 /* Util */,
				AD742BCA2B9ED97800436CCE /* Resource */,
				AD742BC92B9ED6C400436CCE /* Info.plist */,
				AD742BA12B9ED5A500436CCE /* Preview Content */,
			);
			path = MyMessenger;
			sourceTree = "<group>";
		};
		AD742BA12B9ED5A500436CCE /* Preview Content */ = {
			isa = PBXGroup;
			children = (
				AD742BA22B9ED5A500436CCE /* Preview Assets.xcassets */,
			);
			path = "Preview Content";
			sourceTree = "<group>";
		};
		AD742BAB2B9ED5A500436CCE /* MyMessengerTests */ = {
			isa = PBXGroup;
			children = (
				AD742BAC2B9ED5A500436CCE /* MyMessengerTests.swift */,
			);
			path = MyMessengerTests;
			sourceTree = "<group>";
		};
		AD742BB52B9ED5A500436CCE /* MyMessengerUITests */ = {
			isa = PBXGroup;
			children = (
				AD742BB62B9ED5A500436CCE /* MyMessengerUITests.swift */,
				AD742BB82B9ED5A500436CCE /* MyMessengerUITestsLaunchTests.swift */,
			);
			path = MyMessengerUITests;
			sourceTree = "<group>";
		};
		AD742BCA2B9ED97800436CCE /* Resource */ = {
			isa = PBXGroup;
			children = (
				AD742B9F2B9ED5A500436CCE /* Assets.xcassets */,
				AD742BC52B9ED61F00436CCE /* Colors.xcassets */,
				AD742BC72B9ED63B00436CCE /* LaunchScreen.storyboard */,
			);
			path = Resource;
			sourceTree = "<group>";
		};
		AD742BCB2B9ED99D00436CCE /* General */ = {
			isa = PBXGroup;
			children = (
				AD742BCC2B9ED9B800436CCE /* DIContainer.swift */,
				ADBDF05B2BA1C40E0008A6F6 /* Constant.swift */,
			);
			path = General;
			sourceTree = "<group>";
		};
		AD742BD72B9EE45300436CCE /* Service */ = {
			isa = PBXGroup;
			children = (
				AD742BD82B9EE47000436CCE /* Services.swift */,
				AD742BDA2B9EE4DF00436CCE /* AuthenticationService.swift */,
				AD94690A2BA0706400E5BF5A /* ServiceError.swift */,
				ADBDF0542BA1BB5C0008A6F6 /* UserService.swift */,
			);
			path = Service;
			sourceTree = "<group>";
		};
		AD742BDE2B9EEDA300436CCE /* View */ = {
			isa = PBXGroup;
			children = (
				AD1F9DCF2BA18E9C005DD9D6 /* Home */,
				AD1F9DCE2BA18E91005DD9D6 /* ChatList */,
				AD742BE12B9EEDCD00436CCE /* MainTab */,
				AD742BE02B9EEDC600436CCE /* Login */,
				AD742BDF2B9EEDAC00436CCE /* Authentication */,
			);
			path = View;
			sourceTree = "<group>";
		};
		AD742BDF2B9EEDAC00436CCE /* Authentication */ = {
			isa = PBXGroup;
			children = (
				AD742B9D2B9ED5A400436CCE /* AuthenticatedView.swift */,
				AD742BDC2B9EECB000436CCE /* AuthenticationViewModel.swift */,
			);
			path = Authentication;
			sourceTree = "<group>";
		};
		AD742BE02B9EEDC600436CCE /* Login */ = {
			isa = PBXGroup;
			children = (
				AD742BE42B9EEE2700436CCE /* LoginIntroView.swift */,
				AD742BE62B9EF17A00436CCE /* LoginView.swift */,
				AD742BE82B9EF20D00436CCE /* LoginBtnStyle.swift */,
			);
			path = Login;
			sourceTree = "<group>";
		};
		AD742BE12B9EEDCD00436CCE /* MainTab */ = {
			isa = PBXGroup;
			children = (
				AD742BE22B9EEE1A00436CCE /* MainTabView.swift */,
				AD1F9DCC2BA18C94005DD9D6 /* MainTabType.swift */,
			);
			path = MainTab;
			sourceTree = "<group>";
		};
		AD9469072BA06EBF00E5BF5A /* Model */ = {
			isa = PBXGroup;
			children = (
				AD9469082BA06F0D00E5BF5A /* User.swift */,
			);
			path = Model;
			sourceTree = "<group>";
		};
		ADBDF04E2BA1B9C00008A6F6 /* Frameworks */ = {
			isa = PBXGroup;
			children = (
			);
			name = Frameworks;
			sourceTree = "<group>";
		};
		ADBDF0512BA1BB090008A6F6 /* Repository */ = {
			isa = PBXGroup;
			children = (
				ADBDF0562BA1C0500008A6F6 /* DTO */,
				ADBDF0522BA1BB270008A6F6 /* UserDBRepository.swift */,
				ADBDF0592BA1C09C0008A6F6 /* DBError.swift */,
			);
			path = Repository;
			sourceTree = "<group>";
		};
		ADBDF0562BA1C0500008A6F6 /* DTO */ = {
			isa = PBXGroup;
			children = (
				ADBDF0572BA1C0610008A6F6 /* UserObject.swift */,
			);
			path = DTO;
			sourceTree = "<group>";
		};
		ADDCCFF02BA27C0900C96508 /* Util */ = {
			isa = PBXGroup;
			children = (
				ADDCCFF12BA27D2600C96508 /* RandomNonceString.swift */,
				ADDCCFF22BA27D2600C96508 /* SHA256.swift */,
			);
			path = Util;
			sourceTree = "<group>";
		};
/* End PBXGroup section */

/* Begin PBXNativeTarget section */
		AD742B972B9ED5A400436CCE /* MyMessenger */ = {
			isa = PBXNativeTarget;
			buildConfigurationList = AD742BBC2B9ED5A500436CCE /* Build configuration list for PBXNativeTarget "MyMessenger" */;
			buildPhases = (
				AD742B942B9ED5A400436CCE /* Sources */,
				AD742B952B9ED5A400436CCE /* Frameworks */,
				AD742B962B9ED5A400436CCE /* Resources */,
			);
			buildRules = (
			);
			dependencies = (
			);
			name = MyMessenger;
			packageProductDependencies = (
				AD742BD12B9EDE1E00436CCE /* FirebaseAuth */,
				AD9469052BA06C7900E5BF5A /* GoogleSignIn */,
				ADBDF04F2BA1B9C00008A6F6 /* FirebaseDatabase */,
			);
			productName = MyMessenger;
			productReference = AD742B982B9ED5A400436CCE /* MyMessenger.app */;
			productType = "com.apple.product-type.application";
		};
		AD742BA72B9ED5A500436CCE /* MyMessengerTests */ = {
			isa = PBXNativeTarget;
			buildConfigurationList = AD742BBF2B9ED5A500436CCE /* Build configuration list for PBXNativeTarget "MyMessengerTests" */;
			buildPhases = (
				AD742BA42B9ED5A500436CCE /* Sources */,
				AD742BA52B9ED5A500436CCE /* Frameworks */,
				AD742BA62B9ED5A500436CCE /* Resources */,
			);
			buildRules = (
			);
			dependencies = (
				AD742BAA2B9ED5A500436CCE /* PBXTargetDependency */,
			);
			name = MyMessengerTests;
			productName = MyMessengerTests;
			productReference = AD742BA82B9ED5A500436CCE /* MyMessengerTests.xctest */;
			productType = "com.apple.product-type.bundle.unit-test";
		};
		AD742BB12B9ED5A500436CCE /* MyMessengerUITests */ = {
			isa = PBXNativeTarget;
			buildConfigurationList = AD742BC22B9ED5A500436CCE /* Build configuration list for PBXNativeTarget "MyMessengerUITests" */;
			buildPhases = (
				AD742BAE2B9ED5A500436CCE /* Sources */,
				AD742BAF2B9ED5A500436CCE /* Frameworks */,
				AD742BB02B9ED5A500436CCE /* Resources */,
			);
			buildRules = (
			);
			dependencies = (
				AD742BB42B9ED5A500436CCE /* PBXTargetDependency */,
			);
			name = MyMessengerUITests;
			productName = MyMessengerUITests;
			productReference = AD742BB22B9ED5A500436CCE /* MyMessengerUITests.xctest */;
			productType = "com.apple.product-type.bundle.ui-testing";
		};
/* End PBXNativeTarget section */

/* Begin PBXProject section */
		AD742B902B9ED5A400436CCE /* Project object */ = {
			isa = PBXProject;
			attributes = {
				BuildIndependentTargetsInParallel = 1;
				LastSwiftUpdateCheck = 1500;
				LastUpgradeCheck = 1500;
				TargetAttributes = {
					AD742B972B9ED5A400436CCE = {
						CreatedOnToolsVersion = 15.0.1;
					};
					AD742BA72B9ED5A500436CCE = {
						CreatedOnToolsVersion = 15.0.1;
						TestTargetID = AD742B972B9ED5A400436CCE;
					};
					AD742BB12B9ED5A500436CCE = {
						CreatedOnToolsVersion = 15.0.1;
						TestTargetID = AD742B972B9ED5A400436CCE;
					};
				};
			};
			buildConfigurationList = AD742B932B9ED5A400436CCE /* Build configuration list for PBXProject "MyMessenger" */;
			compatibilityVersion = "Xcode 14.0";
			developmentRegion = en;
			hasScannedForEncodings = 0;
			knownRegions = (
				en,
				Base,
			);
			mainGroup = AD742B8F2B9ED5A400436CCE;
			packageReferences = (
				AD742BD02B9EDE1E00436CCE /* XCRemoteSwiftPackageReference "firebase-ios-sdk" */,
				AD9469042BA06C7900E5BF5A /* XCRemoteSwiftPackageReference "GoogleSignIn-iOS" */,
			);
			productRefGroup = AD742B992B9ED5A400436CCE /* Products */;
			projectDirPath = "";
			projectRoot = "";
			targets = (
				AD742B972B9ED5A400436CCE /* MyMessenger */,
				AD742BA72B9ED5A500436CCE /* MyMessengerTests */,
				AD742BB12B9ED5A500436CCE /* MyMessengerUITests */,
			);
		};
/* End PBXProject section */

/* Begin PBXResourcesBuildPhase section */
		AD742B962B9ED5A400436CCE /* Resources */ = {
			isa = PBXResourcesBuildPhase;
			buildActionMask = 2147483647;
			files = (
				AD742BC62B9ED61F00436CCE /* Colors.xcassets in Resources */,
				AD742BC82B9ED63B00436CCE /* LaunchScreen.storyboard in Resources */,
				AD742BD62B9EE09700436CCE /* GoogleService-Info.plist in Resources */,
				AD742BA32B9ED5A500436CCE /* Preview Assets.xcassets in Resources */,
				AD742BA02B9ED5A500436CCE /* Assets.xcassets in Resources */,
			);
			runOnlyForDeploymentPostprocessing = 0;
		};
		AD742BA62B9ED5A500436CCE /* Resources */ = {
			isa = PBXResourcesBuildPhase;
			buildActionMask = 2147483647;
			files = (
			);
			runOnlyForDeploymentPostprocessing = 0;
		};
		AD742BB02B9ED5A500436CCE /* Resources */ = {
			isa = PBXResourcesBuildPhase;
			buildActionMask = 2147483647;
			files = (
			);
			runOnlyForDeploymentPostprocessing = 0;
		};
/* End PBXResourcesBuildPhase section */

/* Begin PBXSourcesBuildPhase section */
		AD742B942B9ED5A400436CCE /* Sources */ = {
			isa = PBXSourcesBuildPhase;
			buildActionMask = 2147483647;
			files = (
				ADDCCFF32BA27D2600C96508 /* RandomNonceString.swift in Sources */,
				ADBDF0532BA1BB270008A6F6 /* UserDBRepository.swift in Sources */,
				AD1F9DD52BA193AE005DD9D6 /* HomeViewModel.swift in Sources */,
				AD742BE52B9EEE2700436CCE /* LoginIntroView.swift in Sources */,
				AD742BD92B9EE47000436CCE /* Services.swift in Sources */,
				AD742BD42B9EDE8B00436CCE /* AppDelegate.swift in Sources */,
				AD1F9DD12BA18EBE005DD9D6 /* HomeView.swift in Sources */,
				ADBDF05A2BA1C09C0008A6F6 /* DBError.swift in Sources */,
				ADDCCFF42BA27D2600C96508 /* SHA256.swift in Sources */,
				AD1F9DD32BA18ECB005DD9D6 /* ChatListView.swift in Sources */,
				AD742BDD2B9EECB000436CCE /* AuthenticationViewModel.swift in Sources */,
				AD742BE32B9EEE1A00436CCE /* MainTabView.swift in Sources */,
				AD742B9E2B9ED5A400436CCE /* AuthenticatedView.swift in Sources */,
				AD1F9DCD2BA18C94005DD9D6 /* MainTabType.swift in Sources */,
				AD742BDB2B9EE4DF00436CCE /* AuthenticationService.swift in Sources */,
				AD742BCD2B9ED9B800436CCE /* DIContainer.swift in Sources */,
				ADBDF0582BA1C0610008A6F6 /* UserObject.swift in Sources */,
				ADBDF0552BA1BB5C0008A6F6 /* UserService.swift in Sources */,
				AD94690B2BA0706400E5BF5A /* ServiceError.swift in Sources */,
				AD9469092BA06F0D00E5BF5A /* User.swift in Sources */,
				AD742BE92B9EF20D00436CCE /* LoginBtnStyle.swift in Sources */,
				ADBDF05C2BA1C40E0008A6F6 /* Constant.swift in Sources */,
				AD742BE72B9EF17A00436CCE /* LoginView.swift in Sources */,
				AD742B9C2B9ED5A400436CCE /* MyMessengerApp.swift in Sources */,
			);
			runOnlyForDeploymentPostprocessing = 0;
		};
		AD742BA42B9ED5A500436CCE /* Sources */ = {
			isa = PBXSourcesBuildPhase;
			buildActionMask = 2147483647;
			files = (
				AD742BAD2B9ED5A500436CCE /* MyMessengerTests.swift in Sources */,
			);
			runOnlyForDeploymentPostprocessing = 0;
		};
		AD742BAE2B9ED5A500436CCE /* Sources */ = {
			isa = PBXSourcesBuildPhase;
			buildActionMask = 2147483647;
			files = (
				AD742BB92B9ED5A500436CCE /* MyMessengerUITestsLaunchTests.swift in Sources */,
				AD742BB72B9ED5A500436CCE /* MyMessengerUITests.swift in Sources */,
			);
			runOnlyForDeploymentPostprocessing = 0;
		};
/* End PBXSourcesBuildPhase section */

/* Begin PBXTargetDependency section */
		AD742BAA2B9ED5A500436CCE /* PBXTargetDependency */ = {
			isa = PBXTargetDependency;
			target = AD742B972B9ED5A400436CCE /* MyMessenger */;
			targetProxy = AD742BA92B9ED5A500436CCE /* PBXContainerItemProxy */;
		};
		AD742BB42B9ED5A500436CCE /* PBXTargetDependency */ = {
			isa = PBXTargetDependency;
			target = AD742B972B9ED5A400436CCE /* MyMessenger */;
			targetProxy = AD742BB32B9ED5A500436CCE /* PBXContainerItemProxy */;
		};
/* End PBXTargetDependency section */

/* Begin XCBuildConfiguration section */
		AD742BBA2B9ED5A500436CCE /* Debug */ = {
			isa = XCBuildConfiguration;
			buildSettings = {
				ALWAYS_SEARCH_USER_PATHS = NO;
				ASSETCATALOG_COMPILER_GENERATE_SWIFT_ASSET_SYMBOL_EXTENSIONS = YES;
				CLANG_ANALYZER_NONNULL = YES;
				CLANG_ANALYZER_NUMBER_OBJECT_CONVERSION = YES_AGGRESSIVE;
				CLANG_CXX_LANGUAGE_STANDARD = "gnu++20";
				CLANG_ENABLE_MODULES = YES;
				CLANG_ENABLE_OBJC_ARC = YES;
				CLANG_ENABLE_OBJC_WEAK = YES;
				CLANG_WARN_BLOCK_CAPTURE_AUTORELEASING = YES;
				CLANG_WARN_BOOL_CONVERSION = YES;
				CLANG_WARN_COMMA = YES;
				CLANG_WARN_CONSTANT_CONVERSION = YES;
				CLANG_WARN_DEPRECATED_OBJC_IMPLEMENTATIONS = YES;
				CLANG_WARN_DIRECT_OBJC_ISA_USAGE = YES_ERROR;
				CLANG_WARN_DOCUMENTATION_COMMENTS = YES;
				CLANG_WARN_EMPTY_BODY = YES;
				CLANG_WARN_ENUM_CONVERSION = YES;
				CLANG_WARN_INFINITE_RECURSION = YES;
				CLANG_WARN_INT_CONVERSION = YES;
				CLANG_WARN_NON_LITERAL_NULL_CONVERSION = YES;
				CLANG_WARN_OBJC_IMPLICIT_RETAIN_SELF = YES;
				CLANG_WARN_OBJC_LITERAL_CONVERSION = YES;
				CLANG_WARN_OBJC_ROOT_CLASS = YES_ERROR;
				CLANG_WARN_QUOTED_INCLUDE_IN_FRAMEWORK_HEADER = YES;
				CLANG_WARN_RANGE_LOOP_ANALYSIS = YES;
				CLANG_WARN_STRICT_PROTOTYPES = YES;
				CLANG_WARN_SUSPICIOUS_MOVE = YES;
				CLANG_WARN_UNGUARDED_AVAILABILITY = YES_AGGRESSIVE;
				CLANG_WARN_UNREACHABLE_CODE = YES;
				CLANG_WARN__DUPLICATE_METHOD_MATCH = YES;
				COPY_PHASE_STRIP = NO;
				DEBUG_INFORMATION_FORMAT = dwarf;
				ENABLE_STRICT_OBJC_MSGSEND = YES;
				ENABLE_TESTABILITY = YES;
				ENABLE_USER_SCRIPT_SANDBOXING = YES;
				GCC_C_LANGUAGE_STANDARD = gnu17;
				GCC_DYNAMIC_NO_PIC = NO;
				GCC_NO_COMMON_BLOCKS = YES;
				GCC_OPTIMIZATION_LEVEL = 0;
				GCC_PREPROCESSOR_DEFINITIONS = (
					"DEBUG=1",
					"$(inherited)",
				);
				GCC_WARN_64_TO_32_BIT_CONVERSION = YES;
				GCC_WARN_ABOUT_RETURN_TYPE = YES_ERROR;
				GCC_WARN_UNDECLARED_SELECTOR = YES;
				GCC_WARN_UNINITIALIZED_AUTOS = YES_AGGRESSIVE;
				GCC_WARN_UNUSED_FUNCTION = YES;
				GCC_WARN_UNUSED_VARIABLE = YES;
				IPHONEOS_DEPLOYMENT_TARGET = 17.0;
				LOCALIZATION_PREFERS_STRING_CATALOGS = YES;
				MTL_ENABLE_DEBUG_INFO = INCLUDE_SOURCE;
				MTL_FAST_MATH = YES;
				ONLY_ACTIVE_ARCH = YES;
				SDKROOT = iphoneos;
				SWIFT_ACTIVE_COMPILATION_CONDITIONS = "DEBUG $(inherited)";
				SWIFT_OPTIMIZATION_LEVEL = "-Onone";
			};
			name = Debug;
		};
		AD742BBB2B9ED5A500436CCE /* Release */ = {
			isa = XCBuildConfiguration;
			buildSettings = {
				ALWAYS_SEARCH_USER_PATHS = NO;
				ASSETCATALOG_COMPILER_GENERATE_SWIFT_ASSET_SYMBOL_EXTENSIONS = YES;
				CLANG_ANALYZER_NONNULL = YES;
				CLANG_ANALYZER_NUMBER_OBJECT_CONVERSION = YES_AGGRESSIVE;
				CLANG_CXX_LANGUAGE_STANDARD = "gnu++20";
				CLANG_ENABLE_MODULES = YES;
				CLANG_ENABLE_OBJC_ARC = YES;
				CLANG_ENABLE_OBJC_WEAK = YES;
				CLANG_WARN_BLOCK_CAPTURE_AUTORELEASING = YES;
				CLANG_WARN_BOOL_CONVERSION = YES;
				CLANG_WARN_COMMA = YES;
				CLANG_WARN_CONSTANT_CONVERSION = YES;
				CLANG_WARN_DEPRECATED_OBJC_IMPLEMENTATIONS = YES;
				CLANG_WARN_DIRECT_OBJC_ISA_USAGE = YES_ERROR;
				CLANG_WARN_DOCUMENTATION_COMMENTS = YES;
				CLANG_WARN_EMPTY_BODY = YES;
				CLANG_WARN_ENUM_CONVERSION = YES;
				CLANG_WARN_INFINITE_RECURSION = YES;
				CLANG_WARN_INT_CONVERSION = YES;
				CLANG_WARN_NON_LITERAL_NULL_CONVERSION = YES;
				CLANG_WARN_OBJC_IMPLICIT_RETAIN_SELF = YES;
				CLANG_WARN_OBJC_LITERAL_CONVERSION = YES;
				CLANG_WARN_OBJC_ROOT_CLASS = YES_ERROR;
				CLANG_WARN_QUOTED_INCLUDE_IN_FRAMEWORK_HEADER = YES;
				CLANG_WARN_RANGE_LOOP_ANALYSIS = YES;
				CLANG_WARN_STRICT_PROTOTYPES = YES;
				CLANG_WARN_SUSPICIOUS_MOVE = YES;
				CLANG_WARN_UNGUARDED_AVAILABILITY = YES_AGGRESSIVE;
				CLANG_WARN_UNREACHABLE_CODE = YES;
				CLANG_WARN__DUPLICATE_METHOD_MATCH = YES;
				COPY_PHASE_STRIP = NO;
				DEBUG_INFORMATION_FORMAT = "dwarf-with-dsym";
				ENABLE_NS_ASSERTIONS = NO;
				ENABLE_STRICT_OBJC_MSGSEND = YES;
				ENABLE_USER_SCRIPT_SANDBOXING = YES;
				GCC_C_LANGUAGE_STANDARD = gnu17;
				GCC_NO_COMMON_BLOCKS = YES;
				GCC_WARN_64_TO_32_BIT_CONVERSION = YES;
				GCC_WARN_ABOUT_RETURN_TYPE = YES_ERROR;
				GCC_WARN_UNDECLARED_SELECTOR = YES;
				GCC_WARN_UNINITIALIZED_AUTOS = YES_AGGRESSIVE;
				GCC_WARN_UNUSED_FUNCTION = YES;
				GCC_WARN_UNUSED_VARIABLE = YES;
				IPHONEOS_DEPLOYMENT_TARGET = 17.0;
				LOCALIZATION_PREFERS_STRING_CATALOGS = YES;
				MTL_ENABLE_DEBUG_INFO = NO;
				MTL_FAST_MATH = YES;
				SDKROOT = iphoneos;
				SWIFT_COMPILATION_MODE = wholemodule;
				VALIDATE_PRODUCT = YES;
			};
			name = Release;
		};
		AD742BBD2B9ED5A500436CCE /* Debug */ = {
			isa = XCBuildConfiguration;
			buildSettings = {
				ASSETCATALOG_COMPILER_APPICON_NAME = AppIcon;
				ASSETCATALOG_COMPILER_GLOBAL_ACCENT_COLOR_NAME = AccentColor;
				CODE_SIGN_ENTITLEMENTS = MyMessenger/MyMessenger.entitlements;
				CODE_SIGN_STYLE = Automatic;
				CURRENT_PROJECT_VERSION = 1;
				DEVELOPMENT_ASSET_PATHS = "\"MyMessenger/Preview Content\"";
				DEVELOPMENT_TEAM = 63K349422G;
				ENABLE_PREVIEWS = YES;
				GENERATE_INFOPLIST_FILE = YES;
				INFOPLIST_FILE = MyMessenger/Info.plist;
				INFOPLIST_KEY_UIApplicationSceneManifest_Generation = YES;
				INFOPLIST_KEY_UIApplicationSupportsIndirectInputEvents = YES;
				INFOPLIST_KEY_UILaunchStoryboardName = LaunchScreen;
				INFOPLIST_KEY_UISupportedInterfaceOrientations = UIInterfaceOrientationPortrait;
				IPHONEOS_DEPLOYMENT_TARGET = 16.0;
				LD_RUNPATH_SEARCH_PATHS = (
					"$(inherited)",
					"@executable_path/Frameworks",
				);
				MARKETING_VERSION = 1.0;
				PRODUCT_BUNDLE_IDENTIFIER = com.anyong.MyMessenger;
				PRODUCT_NAME = "$(TARGET_NAME)";
				SWIFT_EMIT_LOC_STRINGS = YES;
				SWIFT_VERSION = 5.0;
				TARGETED_DEVICE_FAMILY = "1,2";
			};
			name = Debug;
		};
		AD742BBE2B9ED5A500436CCE /* Release */ = {
			isa = XCBuildConfiguration;
			buildSettings = {
				ASSETCATALOG_COMPILER_APPICON_NAME = AppIcon;
				ASSETCATALOG_COMPILER_GLOBAL_ACCENT_COLOR_NAME = AccentColor;
				CODE_SIGN_ENTITLEMENTS = MyMessenger/MyMessenger.entitlements;
				CODE_SIGN_STYLE = Automatic;
				CURRENT_PROJECT_VERSION = 1;
				DEVELOPMENT_ASSET_PATHS = "\"MyMessenger/Preview Content\"";
				DEVELOPMENT_TEAM = 63K349422G;
				ENABLE_PREVIEWS = YES;
				GENERATE_INFOPLIST_FILE = YES;
				INFOPLIST_FILE = MyMessenger/Info.plist;
				INFOPLIST_KEY_UIApplicationSceneManifest_Generation = YES;
				INFOPLIST_KEY_UIApplicationSupportsIndirectInputEvents = YES;
				INFOPLIST_KEY_UILaunchStoryboardName = LaunchScreen;
				INFOPLIST_KEY_UISupportedInterfaceOrientations = UIInterfaceOrientationPortrait;
				IPHONEOS_DEPLOYMENT_TARGET = 16.0;
				LD_RUNPATH_SEARCH_PATHS = (
					"$(inherited)",
					"@executable_path/Frameworks",
				);
				MARKETING_VERSION = 1.0;
				PRODUCT_BUNDLE_IDENTIFIER = com.anyong.MyMessenger;
				PRODUCT_NAME = "$(TARGET_NAME)";
				SWIFT_EMIT_LOC_STRINGS = YES;
				SWIFT_VERSION = 5.0;
				TARGETED_DEVICE_FAMILY = "1,2";
			};
			name = Release;
		};
		AD742BC02B9ED5A500436CCE /* Debug */ = {
			isa = XCBuildConfiguration;
			buildSettings = {
				ALWAYS_EMBED_SWIFT_STANDARD_LIBRARIES = YES;
				BUNDLE_LOADER = "$(TEST_HOST)";
				CODE_SIGN_STYLE = Automatic;
				CURRENT_PROJECT_VERSION = 1;
				GENERATE_INFOPLIST_FILE = YES;
				IPHONEOS_DEPLOYMENT_TARGET = 17.0;
				MARKETING_VERSION = 1.0;
				PRODUCT_BUNDLE_IDENTIFIER = anyong.MyMessengerTests;
				PRODUCT_NAME = "$(TARGET_NAME)";
				SWIFT_EMIT_LOC_STRINGS = NO;
				SWIFT_VERSION = 5.0;
				TARGETED_DEVICE_FAMILY = "1,2";
				TEST_HOST = "$(BUILT_PRODUCTS_DIR)/MyMessenger.app/$(BUNDLE_EXECUTABLE_FOLDER_PATH)/MyMessenger";
			};
			name = Debug;
		};
		AD742BC12B9ED5A500436CCE /* Release */ = {
			isa = XCBuildConfiguration;
			buildSettings = {
				ALWAYS_EMBED_SWIFT_STANDARD_LIBRARIES = YES;
				BUNDLE_LOADER = "$(TEST_HOST)";
				CODE_SIGN_STYLE = Automatic;
				CURRENT_PROJECT_VERSION = 1;
				GENERATE_INFOPLIST_FILE = YES;
				IPHONEOS_DEPLOYMENT_TARGET = 17.0;
				MARKETING_VERSION = 1.0;
				PRODUCT_BUNDLE_IDENTIFIER = anyong.MyMessengerTests;
				PRODUCT_NAME = "$(TARGET_NAME)";
				SWIFT_EMIT_LOC_STRINGS = NO;
				SWIFT_VERSION = 5.0;
				TARGETED_DEVICE_FAMILY = "1,2";
				TEST_HOST = "$(BUILT_PRODUCTS_DIR)/MyMessenger.app/$(BUNDLE_EXECUTABLE_FOLDER_PATH)/MyMessenger";
			};
			name = Release;
		};
		AD742BC32B9ED5A500436CCE /* Debug */ = {
			isa = XCBuildConfiguration;
			buildSettings = {
				ALWAYS_EMBED_SWIFT_STANDARD_LIBRARIES = YES;
				CODE_SIGN_STYLE = Automatic;
				CURRENT_PROJECT_VERSION = 1;
				GENERATE_INFOPLIST_FILE = YES;
				MARKETING_VERSION = 1.0;
				PRODUCT_BUNDLE_IDENTIFIER = anyong.MyMessengerUITests;
				PRODUCT_NAME = "$(TARGET_NAME)";
				SWIFT_EMIT_LOC_STRINGS = NO;
				SWIFT_VERSION = 5.0;
				TARGETED_DEVICE_FAMILY = "1,2";
				TEST_TARGET_NAME = MyMessenger;
			};
			name = Debug;
		};
		AD742BC42B9ED5A500436CCE /* Release */ = {
			isa = XCBuildConfiguration;
			buildSettings = {
				ALWAYS_EMBED_SWIFT_STANDARD_LIBRARIES = YES;
				CODE_SIGN_STYLE = Automatic;
				CURRENT_PROJECT_VERSION = 1;
				GENERATE_INFOPLIST_FILE = YES;
				MARKETING_VERSION = 1.0;
				PRODUCT_BUNDLE_IDENTIFIER = anyong.MyMessengerUITests;
				PRODUCT_NAME = "$(TARGET_NAME)";
				SWIFT_EMIT_LOC_STRINGS = NO;
				SWIFT_VERSION = 5.0;
				TARGETED_DEVICE_FAMILY = "1,2";
				TEST_TARGET_NAME = MyMessenger;
			};
			name = Release;
		};
/* End XCBuildConfiguration section */

/* Begin XCConfigurationList section */
		AD742B932B9ED5A400436CCE /* Build configuration list for PBXProject "MyMessenger" */ = {
			isa = XCConfigurationList;
			buildConfigurations = (
				AD742BBA2B9ED5A500436CCE /* Debug */,
				AD742BBB2B9ED5A500436CCE /* Release */,
			);
			defaultConfigurationIsVisible = 0;
			defaultConfigurationName = Release;
		};
		AD742BBC2B9ED5A500436CCE /* Build configuration list for PBXNativeTarget "MyMessenger" */ = {
			isa = XCConfigurationList;
			buildConfigurations = (
				AD742BBD2B9ED5A500436CCE /* Debug */,
				AD742BBE2B9ED5A500436CCE /* Release */,
			);
			defaultConfigurationIsVisible = 0;
			defaultConfigurationName = Release;
		};
		AD742BBF2B9ED5A500436CCE /* Build configuration list for PBXNativeTarget "MyMessengerTests" */ = {
			isa = XCConfigurationList;
			buildConfigurations = (
				AD742BC02B9ED5A500436CCE /* Debug */,
				AD742BC12B9ED5A500436CCE /* Release */,
			);
			defaultConfigurationIsVisible = 0;
			defaultConfigurationName = Release;
		};
		AD742BC22B9ED5A500436CCE /* Build configuration list for PBXNativeTarget "MyMessengerUITests" */ = {
			isa = XCConfigurationList;
			buildConfigurations = (
				AD742BC32B9ED5A500436CCE /* Debug */,
				AD742BC42B9ED5A500436CCE /* Release */,
			);
			defaultConfigurationIsVisible = 0;
			defaultConfigurationName = Release;
		};
/* End XCConfigurationList section */

/* Begin XCRemoteSwiftPackageReference section */
		AD742BD02B9EDE1E00436CCE /* XCRemoteSwiftPackageReference "firebase-ios-sdk" */ = {
			isa = XCRemoteSwiftPackageReference;
			repositoryURL = "https://github.com/firebase/firebase-ios-sdk";
			requirement = {
				kind = upToNextMajorVersion;
				minimumVersion = 10.22.1;
			};
		};
		AD9469042BA06C7900E5BF5A /* XCRemoteSwiftPackageReference "GoogleSignIn-iOS" */ = {
			isa = XCRemoteSwiftPackageReference;
			repositoryURL = "https://github.com/google/GoogleSignIn-iOS";
			requirement = {
				kind = upToNextMajorVersion;
				minimumVersion = 7.0.0;
			};
		};
/* End XCRemoteSwiftPackageReference section */

/* Begin XCSwiftPackageProductDependency section */
		AD742BD12B9EDE1E00436CCE /* FirebaseAuth */ = {
			isa = XCSwiftPackageProductDependency;
			package = AD742BD02B9EDE1E00436CCE /* XCRemoteSwiftPackageReference "firebase-ios-sdk" */;
			productName = FirebaseAuth;
		};
		AD9469052BA06C7900E5BF5A /* GoogleSignIn */ = {
			isa = XCSwiftPackageProductDependency;
			package = AD9469042BA06C7900E5BF5A /* XCRemoteSwiftPackageReference "GoogleSignIn-iOS" */;
			productName = GoogleSignIn;
		};
		ADBDF04F2BA1B9C00008A6F6 /* FirebaseDatabase */ = {
			isa = XCSwiftPackageProductDependency;
			package = AD742BD02B9EDE1E00436CCE /* XCRemoteSwiftPackageReference "firebase-ios-sdk" */;
			productName = FirebaseDatabase;
		};
/* End XCSwiftPackageProductDependency section */
	};
	rootObject = AD742B902B9ED5A400436CCE /* Project object */;
}
